
Microsoft Visual Studio Solution File, Format Version 12.00
# Visual Studio Version 17
VisualStudioVersion = 17.5.33516.290
MinimumVisualStudioVersion = 10.0.40219.1
Project("{9A19103F-16F7-4668-BE54-9A1E7A4F7556}") = "Blazor.Server", "Blazor\Server\Blazor.Server.csproj", "{E9D54B0E-B3A0-4621-839B-33A167AE61A8}"
EndProject
Project("{9A19103F-16F7-4668-BE54-9A1E7A4F7556}") = "Blazor.Client", "Blazor\Client\Blazor.Client.csproj", "{47909770-A0AA-41D7-83D8-3EED8BC8326D}"
EndProject
Project("{9A19103F-16F7-4668-BE54-9A1E7A4F7556}") = "Blazor.Models", "Blazor.Models\Blazor.Models.csproj", "{CE28653A-4969-4855-AB1C-91A781B108D9}"
EndProject
Project("{9A19103F-16F7-4668-BE54-9A1E7A4F7556}") = "Blazor.Services", "Blazor.Services\Blazor.Services.csproj", "{5CBFB34C-E577-491D-B075-6F021713B416}"
EndProject
Project("{9A19103F-16F7-4668-BE54-9A1E7A4F7556}") = "Blazor.ViewModels", "Blazor.ViewModels\Blazor.ViewModels.csproj", "{847694D0-7306-48E1-902A-469804E65961}"
EndProject
Global
	GlobalSection(SolutionConfigurationPlatforms) = preSolution
		Debug|Any CPU = Debug|Any CPU
		Release|Any CPU = Release|Any CPU
	EndGlobalSection
	GlobalSection(ProjectConfigurationPlatforms) = postSolution
		{E9D54B0E-B3A0-4621-839B-33A167AE61A8}.Debug|Any CPU.ActiveCfg = Debug|Any CPU
		{E9D54B0E-B3A0-4621-839B-33A167AE61A8}.Debug|Any CPU.Build.0 = Debug|Any CPU
		{E9D54B0E-B3A0-4621-839B-33A167AE61A8}.Release|Any CPU.ActiveCfg = Release|Any CPU
		{E9D54B0E-B3A0-4621-839B-33A167AE61A8}.Release|Any CPU.Build.0 = Release|Any CPU
		{47909770-A0AA-41D7-83D8-3EED8BC8326D}.Debug|Any CPU.ActiveCfg = Debug|Any CPU
		{47909770-A0AA-41D7-83D8-3EED8BC8326D}.Debug|Any CPU.Build.0 = Debug|Any CPU
		{47909770-A0AA-41D7-83D8-3EED8BC8326D}.Release|Any CPU.ActiveCfg = Release|Any CPU
		{47909770-A0AA-41D7-83D8-3EED8BC8326D}.Release|Any CPU.Build.0 = Release|Any CPU
		{CE28653A-4969-4855-AB1C-91A781B108D9}.Debug|Any CPU.ActiveCfg = Debug|Any CPU
		{CE28653A-4969-4855-AB1C-91A781B108D9}.Debug|Any CPU.Build.0 = Debug|Any CPU
		{CE28653A-4969-4855-AB1C-91A781B108D9}.Release|Any CPU.ActiveCfg = Release|Any CPU
		{CE28653A-4969-4855-AB1C-91A781B108D9}.Release|Any CPU.Build.0 = Release|Any CPU
		{5CBFB34C-E577-491D-B075-6F021713B416}.Debug|Any CPU.ActiveCfg = Debug|Any CPU
		{5CBFB34C-E577-491D-B075-6F021713B416}.Debug|Any CPU.Build.0 = Debug|Any CPU
		{5CBFB34C-E577-491D-B075-6F021713B416}.Release|Any CPU.ActiveCfg = Release|Any CPU
		{5CBFB34C-E577-491D-B075-6F021713B416}.Release|Any CPU.Build.0 = Release|Any CPU
		{847694D0-7306-48E1-902A-469804E65961}.Debug|Any CPU.ActiveCfg = Debug|Any CPU
		{847694D0-7306-48E1-902A-469804E65961}.Debug|Any CPU.Build.0 = Debug|Any CPU
		{847694D0-7306-48E1-902A-469804E65961}.Release|Any CPU.ActiveCfg = Release|Any CPU
		{847694D0-7306-48E1-902A-469804E65961}.Release|Any CPU.Build.0 = Release|Any CPU
	EndGlobalSection
	GlobalSection(SolutionProperties) = preSolution
		HideSolutionNode = FALSE
	EndGlobalSection
	GlobalSection(ExtensibilityGlobals) = postSolution
		SolutionGuid = {759E8C46-8F4B-4585-9C7C-414545873C62}
	EndGlobalSection
EndGlobal
